
Microsoft Visual Studio Solution File, Format Version 12.00
# Visual Studio 15
VisualStudioVersion = 15.0.28307.1082
MinimumVisualStudioVersion = 10.0.40219.1
Project("{FAE04EC0-301F-11D3-BF4B-00C04F79EFBC}") = "3DTransform", "3DTransform\3DTransform.csproj", "{AA6DFDE6-7677-40AE-8AD2-5348C402CA8F}"
EndProject
Global
	GlobalSection(SolutionConfigurationPlatforms) = preSolution
		Debug|Any CPU = Debug|Any CPU
		Release|Any CPU = Release|Any CPU
	EndGlobalSection
	GlobalSection(ProjectConfigurationPlatforms) = postSolution
		{AA6DFDE6-7677-40AE-8AD2-5348C402CA8F}.Debug|Any CPU.ActiveCfg = Debug|Any CPU
		{AA6DFDE6-7677-40AE-8AD2-5348C402CA8F}.Debug|Any CPU.Build.0 = Debug|Any CPU
		{AA6DFDE6-7677-40AE-8AD2-5348C402CA8F}.Release|Any CPU.ActiveCfg = Release|Any CPU
		{AA6DFDE6-7677-40AE-8AD2-5348C402CA8F}.Release|Any CPU.Build.0 = Release|Any CPU
	EndGlobalSection
	GlobalSection(SolutionProperties) = preSolution
		HideSolutionNode = FALSE
	EndGlobalSection
	GlobalSection(ExtensibilityGlobals) = postSolution
		SolutionGuid = {57283164-5C52-4889-A26B-1F2D1DA32C48}
	EndGlobalSection
EndGlobal
